PODS:
  - GTMNSStringHTMLAdditions (0.2.1)

DEPENDENCIES:
  - GTMNSStringHTMLAdditions (from `https://github.com/levigroker/GTMNSStringAdditions`)

EXTERNAL SOURCES:
  GTMNSStringHTMLAdditions:
    :git: https://github.com/levigroker/GTMNSStringAdditions

CHECKOUT OPTIONS:
  GTMNSStringHTMLAdditions:
    :commit: 8f1d18071ee55ebb7dbeff91e55e06ca39672702
    :git: https://github.com/levigroker/GTMNSStringAdditions

SPEC CHECKSUMS:
  GTMNSStringHTMLAdditions: 4bfc402b1b17165360728083156cae0a74ecb308

COCOAPODS: 0.38.2
